
Microsoft Visual Studio Solution File, Format Version 12.00
# Visual Studio 14
VisualStudioVersion = 14.0.25420.1
MinimumVisualStudioVersion = 10.0.40219.1
Project("{FAE04EC0-301F-11D3-BF4B-00C04F79EFBC}") = "pangram", "pangram\pangram.csproj", "{C160AA48-573C-4257-88AC-84339D7AD47C}"
EndProject
Global
	GlobalSection(SolutionConfigurationPlatforms) = preSolution
		Debug|Any CPU = Debug|Any CPU
		Release|Any CPU = Release|Any CPU
	EndGlobalSection
	GlobalSection(ProjectConfigurationPlatforms) = postSolution
		{C160AA48-573C-4257-88AC-84339D7AD47C}.Debug|Any CPU.ActiveCfg = Debug|Any CPU
		{C160AA48-573C-4257-88AC-84339D7AD47C}.Debug|Any CPU.Build.0 = Debug|Any CPU
		{C160AA48-573C-4257-88AC-84339D7AD47C}.Release|Any CPU.ActiveCfg = Release|Any CPU
		{C160AA48-573C-4257-88AC-84339D7AD47C}.Release|Any CPU.Build.0 = Release|Any CPU
	EndGlobalSection
	GlobalSection(SolutionProperties) = preSolution
		HideSolutionNode = FALSE
	EndGlobalSection
EndGlobal
